
Microsoft Visual Studio Solution File, Format Version 12.00
# Visual Studio Version 16
VisualStudioVersion = 16.0.31025.194
MinimumVisualStudioVersion = 10.0.40219.1
Project("{FAE04EC0-301F-11D3-BF4B-00C04F79EFBC}") = "WebApplication31", "WebApplication31\WebApplication31.csproj", "{0C73CBA4-F185-4EE5-A822-CEECB8ECF22A}"
EndProject
Global
	GlobalSection(SolutionConfigurationPlatforms) = preSolution
		Debug|Any CPU = Debug|Any CPU
		Release|Any CPU = Release|Any CPU
	EndGlobalSection
	GlobalSection(ProjectConfigurationPlatforms) = postSolution
		{0C73CBA4-F185-4EE5-A822-CEECB8ECF22A}.Debug|Any CPU.ActiveCfg = Debug|Any CPU
		{0C73CBA4-F185-4EE5-A822-CEECB8ECF22A}.Debug|Any CPU.Build.0 = Debug|Any CPU
		{0C73CBA4-F185-4EE5-A822-CEECB8ECF22A}.Release|Any CPU.ActiveCfg = Release|Any CPU
		{0C73CBA4-F185-4EE5-A822-CEECB8ECF22A}.Release|Any CPU.Build.0 = Release|Any CPU
	EndGlobalSection
	GlobalSection(SolutionProperties) = preSolution
		HideSolutionNode = FALSE
	EndGlobalSection
	GlobalSection(ExtensibilityGlobals) = postSolution
		SolutionGuid = {C8E79B79-237E-4A34-B114-CA9F87DD44A0}
	EndGlobalSection
EndGlobal
